
Microsoft Visual Studio Solution File, Format Version 12.00
# Visual Studio Version 16
VisualStudioVersion = 16.0.30011.22
MinimumVisualStudioVersion = 10.0.40219.1
Project("{FAE04EC0-301F-11D3-BF4B-00C04F79EFBC}") = "TakiGame", "TakiGame\TakiGame.csproj", "{4531A145-B5CA-435E-B6E3-5AD51AA34B37}"
EndProject
Global
	GlobalSection(SolutionConfigurationPlatforms) = preSolution
		Debug|Any CPU = Debug|Any CPU
		Release|Any CPU = Release|Any CPU
	EndGlobalSection
	GlobalSection(ProjectConfigurationPlatforms) = postSolution
		{4531A145-B5CA-435E-B6E3-5AD51AA34B37}.Debug|Any CPU.ActiveCfg = Debug|Any CPU
		{4531A145-B5CA-435E-B6E3-5AD51AA34B37}.Debug|Any CPU.Build.0 = Debug|Any CPU
		{4531A145-B5CA-435E-B6E3-5AD51AA34B37}.Release|Any CPU.ActiveCfg = Release|Any CPU
		{4531A145-B5CA-435E-B6E3-5AD51AA34B37}.Release|Any CPU.Build.0 = Release|Any CPU
	EndGlobalSection
	GlobalSection(SolutionProperties) = preSolution
		HideSolutionNode = FALSE
	EndGlobalSection
	GlobalSection(ExtensibilityGlobals) = postSolution
		SolutionGuid = {1FC60731-ACEB-457F-8E52-E30BF7A8708B}
	EndGlobalSection
EndGlobal
